
Microsoft Visual Studio Solution File, Format Version 12.00
# Visual Studio Version 17
VisualStudioVersion = 17.5.002.0
MinimumVisualStudioVersion = 10.0.40219.1
Project("{9A19103F-16F7-4668-BE54-9A1E7A4F7556}") = "BlazorProject", "BlazorProject.csproj", "{43C96042-7384-4AAA-805C-E38416FDDE7A}"
EndProject
Global
	GlobalSection(SolutionConfigurationPlatforms) = preSolution
		Debug|Any CPU = Debug|Any CPU
		Release|Any CPU = Release|Any CPU
	EndGlobalSection
	GlobalSection(ProjectConfigurationPlatforms) = postSolution
		{43C96042-7384-4AAA-805C-E38416FDDE7A}.Debug|Any CPU.ActiveCfg = Debug|Any CPU
		{43C96042-7384-4AAA-805C-E38416FDDE7A}.Debug|Any CPU.Build.0 = Debug|Any CPU
		{43C96042-7384-4AAA-805C-E38416FDDE7A}.Release|Any CPU.ActiveCfg = Release|Any CPU
		{43C96042-7384-4AAA-805C-E38416FDDE7A}.Release|Any CPU.Build.0 = Release|Any CPU
	EndGlobalSection
	GlobalSection(SolutionProperties) = preSolution
		HideSolutionNode = FALSE
	EndGlobalSection
	GlobalSection(ExtensibilityGlobals) = postSolution
		SolutionGuid = {78D52E42-1D3C-4605-AC15-DA569DE4E66F}
	EndGlobalSection
EndGlobal
